// !$*UTF8*$!
{
	archiveVersion = 1;
	classes = {
	};
	objectVersion = 77;
	objects = {

/* Begin PBXBuildFile section */
		082DBB73C122DBEFF0979323 /* TryOnResultView.swift in Sources */ = {isa = PBXBuildFile; fileRef = 95136150A68609B7C229C604 /* TryOnResultView.swift */; };
		0FE16B5320533FAD7C30448A /* ProvadorIAApp.swift in Sources */ = {isa = PBXBuildFile; fileRef = 76A0B03F49E7F0A7BBAB7E49 /* ProvadorIAApp.swift */; };
		1BAF5641DA13FD7879543D21 /* TryOnView.swift in Sources */ = {isa = PBXBuildFile; fileRef = 51E333EC173178DF858ACDEF /* TryOnView.swift */; };
		56AAC14F32EF3DEF93A1C102 /* TryOnCardView.swift in Sources */ = {isa = PBXBuildFile; fileRef = A4C81C94F665FA14325439D0 /* TryOnCardView.swift */; };
		64E3C36E3CEE9EF99EDBDF23 /* HomeView.swift in Sources */ = {isa = PBXBuildFile; fileRef = B18AC9D088AFA7CEB353AD68 /* HomeView.swift */; };
		68A9777162386296F05AA88C /* TryOnModels.swift in Sources */ = {isa = PBXBuildFile; fileRef = B9915278651D8B35F2CDAD56 /* TryOnModels.swift */; };
		7C67E798D780B595E6216008 /* FeedView.swift in Sources */ = {isa = PBXBuildFile; fileRef = BA3F1B909783E3612D8AE728 /* FeedView.swift */; };
		C949DFE3A1E97B68A823D209 /* ContentView.swift in Sources */ = {isa = PBXBuildFile; fileRef = 77C5001C1FA3D6A68DAA36E9 /* ContentView.swift */; };
		D76CB4108BB5AA09B6181BF1 /* APIService.swift in Sources */ = {isa = PBXBuildFile; fileRef = F203D4A7E29E865A14BEADAB /* APIService.swift */; };
		D8C10B5E4ADE8583D174CDAC /* Extensions.swift in Sources */ = {isa = PBXBuildFile; fileRef = E625A70E8AD35A52175DE3BF /* Extensions.swift */; };
		D9EA1BB81267FBD1CE7B0A90 /* ProfileView.swift in Sources */ = {isa = PBXBuildFile; fileRef = 7F550A98FD6BCA081412FFA5 /* ProfileView.swift */; };
		E005F9077E2A449A97670152 /* ReviewsView.swift in Sources */ = {isa = PBXBuildFile; fileRef = 6F4D1535FB394ABE33975829 /* ReviewsView.swift */; };
/* End PBXBuildFile section */

/* Begin PBXFileReference section */
		14462F746E61D05675069970 /* Info.plist */ = {isa = PBXFileReference; lastKnownFileType = text.plist; path = Info.plist; sourceTree = "<group>"; };
		51E333EC173178DF858ACDEF /* TryOnView.swift */ = {isa = PBXFileReference; lastKnownFileType = sourcecode.swift; path = TryOnView.swift; sourceTree = "<group>"; };
		6F4D1535FB394ABE33975829 /* ReviewsView.swift */ = {isa = PBXFileReference; lastKnownFileType = sourcecode.swift; path = ReviewsView.swift; sourceTree = "<group>"; };
		76A0B03F49E7F0A7BBAB7E49 /* ProvadorIAApp.swift */ = {isa = PBXFileReference; lastKnownFileType = sourcecode.swift; path = ProvadorIAApp.swift; sourceTree = "<group>"; };
		77C5001C1FA3D6A68DAA36E9 /* ContentView.swift */ = {isa = PBXFileReference; lastKnownFileType = sourcecode.swift; path = ContentView.swift; sourceTree = "<group>"; };
		7F550A98FD6BCA081412FFA5 /* ProfileView.swift */ = {isa = PBXFileReference; lastKnownFileType = sourcecode.swift; path = ProfileView.swift; sourceTree = "<group>"; };
		95136150A68609B7C229C604 /* TryOnResultView.swift */ = {isa = PBXFileReference; lastKnownFileType = sourcecode.swift; path = TryOnResultView.swift; sourceTree = "<group>"; };
		A4C81C94F665FA14325439D0 /* TryOnCardView.swift */ = {isa = PBXFileReference; lastKnownFileType = sourcecode.swift; path = TryOnCardView.swift; sourceTree = "<group>"; };
		B18AC9D088AFA7CEB353AD68 /* HomeView.swift */ = {isa = PBXFileReference; lastKnownFileType = sourcecode.swift; path = HomeView.swift; sourceTree = "<group>"; };
		B9915278651D8B35F2CDAD56 /* TryOnModels.swift */ = {isa = PBXFileReference; lastKnownFileType = sourcecode.swift; path = TryOnModels.swift; sourceTree = "<group>"; };
		BA3F1B909783E3612D8AE728 /* FeedView.swift */ = {isa = PBXFileReference; lastKnownFileType = sourcecode.swift; path = FeedView.swift; sourceTree = "<group>"; };
		C871D79B591DC6CAA293682A /* ProvadorIA.app */ = {isa = PBXFileReference; includeInIndex = 0; lastKnownFileType = wrapper.application; path = ProvadorIA.app; sourceTree = BUILT_PRODUCTS_DIR; };
		E625A70E8AD35A52175DE3BF /* Extensions.swift */ = {isa = PBXFileReference; lastKnownFileType = sourcecode.swift; path = Extensions.swift; sourceTree = "<group>"; };
		F203D4A7E29E865A14BEADAB /* APIService.swift */ = {isa = PBXFileReference; lastKnownFileType = sourcecode.swift; path = APIService.swift; sourceTree = "<group>"; };
/* End PBXFileReference section */

/* Begin PBXGroup section */
		1CE7A717C0CED67B50B0BDF6 /* ProvadorIA */ = {
			isa = PBXGroup;
			children = (
				77C5001C1FA3D6A68DAA36E9 /* ContentView.swift */,
				14462F746E61D05675069970 /* Info.plist */,
				76A0B03F49E7F0A7BBAB7E49 /* ProvadorIAApp.swift */,
				E2E42A23C64AD86E0E685FF3 /* Models */,
				B7FFDD1E09ABB970D7851D75 /* Services */,
				9E09370EF495F289547CA72E /* Utils */,
				5E89A134C54E4B09CF8CF94A /* Views */,
			);
			path = ProvadorIA;
			sourceTree = "<group>";
		};
		5E89A134C54E4B09CF8CF94A /* Views */ = {
			isa = PBXGroup;
			children = (
				BA3F1B909783E3612D8AE728 /* FeedView.swift */,
				B18AC9D088AFA7CEB353AD68 /* HomeView.swift */,
				7F550A98FD6BCA081412FFA5 /* ProfileView.swift */,
				6F4D1535FB394ABE33975829 /* ReviewsView.swift */,
				A4C81C94F665FA14325439D0 /* TryOnCardView.swift */,
				95136150A68609B7C229C604 /* TryOnResultView.swift */,
				51E333EC173178DF858ACDEF /* TryOnView.swift */,
			);
			path = Views;
			sourceTree = "<group>";
		};
		67C998F1EC9C101DF89E0A54 /* Products */ = {
			isa = PBXGroup;
			children = (
				C871D79B591DC6CAA293682A /* ProvadorIA.app */,
			);
			name = Products;
			sourceTree = "<group>";
		};
		9E09370EF495F289547CA72E /* Utils */ = {
			isa = PBXGroup;
			children = (
				E625A70E8AD35A52175DE3BF /* Extensions.swift */,
			);
			path = Utils;
			sourceTree = "<group>";
		};
		B7FFDD1E09ABB970D7851D75 /* Services */ = {
			isa = PBXGroup;
			children = (
				F203D4A7E29E865A14BEADAB /* APIService.swift */,
			);
			path = Services;
			sourceTree = "<group>";
		};
		D2C15B03F1D7ECDF20D4380E = {
			isa = PBXGroup;
			children = (
				1CE7A717C0CED67B50B0BDF6 /* ProvadorIA */,
				67C998F1EC9C101DF89E0A54 /* Products */,
			);
			sourceTree = "<group>";
		};
		E2E42A23C64AD86E0E685FF3 /* Models */ = {
			isa = PBXGroup;
			children = (
				B9915278651D8B35F2CDAD56 /* TryOnModels.swift */,
			);
			path = Models;
			sourceTree = "<group>";
		};
/* End PBXGroup section */

/* Begin PBXNativeTarget section */
		9A561A14249065AF12C82E17 /* ProvadorIA */ = {
			isa = PBXNativeTarget;
			buildConfigurationList = 6F6B8BF224241FC18BCCF8FF /* Build configuration list for PBXNativeTarget "ProvadorIA" */;
			buildPhases = (
				59B1BD9C3C7F39D0E06834B1 /* Sources */,
			);
			buildRules = (
			);
			dependencies = (
			);
			name = ProvadorIA;
			packageProductDependencies = (
			);
			productName = ProvadorIA;
			productReference = C871D79B591DC6CAA293682A /* ProvadorIA.app */;
			productType = "com.apple.product-type.application";
		};
/* End PBXNativeTarget section */

/* Begin PBXProject section */
		442B2BD8EA3F84BB72DDC13E /* Project object */ = {
			isa = PBXProject;
			attributes = {
				BuildIndependentTargetsInParallel = YES;
				LastUpgradeCheck = 1430;
				TargetAttributes = {
					9A561A14249065AF12C82E17 = {
						DevelopmentTeam = 8ULNGWJZ6B;
						ProvisioningStyle = Automatic;
					};
				};
			};
			buildConfigurationList = FB60D56079B5A16B4DA4C88C /* Build configuration list for PBXProject "ProvadorIA" */;
			developmentRegion = "pt-BR";
			hasScannedForEncodings = 0;
			knownRegions = (
				Base,
				"pt-BR",
			);
			mainGroup = D2C15B03F1D7ECDF20D4380E;
			minimizedProjectReferenceProxies = 1;
			preferredProjectObjectVersion = 77;
			productRefGroup = 67C998F1EC9C101DF89E0A54 /* Products */;
			projectDirPath = "";
			projectRoot = "";
			targets = (
				9A561A14249065AF12C82E17 /* ProvadorIA */,
			);
		};
/* End PBXProject section */

/* Begin PBXSourcesBuildPhase section */
		59B1BD9C3C7F39D0E06834B1 /* Sources */ = {
			isa = PBXSourcesBuildPhase;
			buildActionMask = 2147483647;
			files = (
				D76CB4108BB5AA09B6181BF1 /* APIService.swift in Sources */,
				C949DFE3A1E97B68A823D209 /* ContentView.swift in Sources */,
				D8C10B5E4ADE8583D174CDAC /* Extensions.swift in Sources */,
				7C67E798D780B595E6216008 /* FeedView.swift in Sources */,
				64E3C36E3CEE9EF99EDBDF23 /* HomeView.swift in Sources */,
				D9EA1BB81267FBD1CE7B0A90 /* ProfileView.swift in Sources */,
				0FE16B5320533FAD7C30448A /* ProvadorIAApp.swift in Sources */,
				E005F9077E2A449A97670152 /* ReviewsView.swift in Sources */,
				56AAC14F32EF3DEF93A1C102 /* TryOnCardView.swift in Sources */,
				68A9777162386296F05AA88C /* TryOnModels.swift in Sources */,
				082DBB73C122DBEFF0979323 /* TryOnResultView.swift in Sources */,
				1BAF5641DA13FD7879543D21 /* TryOnView.swift in Sources */,
			);
			runOnlyForDeploymentPostprocessing = 0;
		};
/* End PBXSourcesBuildPhase section */

/* Begin XCBuildConfiguration section */
		0B7ECD1E79509EBF293A3A78 /* Debug */ = {
			isa = XCBuildConfiguration;
			buildSettings = {
				ALWAYS_SEARCH_USER_PATHS = NO;
				ASSETCATALOG_COMPILER_APPICON_NAME = AppIcon;
				CLANG_ANALYZER_NONNULL = YES;
				CLANG_ANALYZER_NUMBER_OBJECT_CONVERSION = YES_AGGRESSIVE;
				CLANG_CXX_LANGUAGE_STANDARD = "gnu++14";
				CLANG_CXX_LIBRARY = "libc++";
				CLANG_ENABLE_MODULES = YES;
				CLANG_ENABLE_OBJC_ARC = YES;
				CLANG_ENABLE_OBJC_WEAK = YES;
				CLANG_WARN_BLOCK_CAPTURE_AUTORELEASING = YES;
				CLANG_WARN_BOOL_CONVERSION = YES;
				CLANG_WARN_COMMA = YES;
				CLANG_WARN_CONSTANT_CONVERSION = YES;
				CLANG_WARN_DEPRECATED_OBJC_IMPLEMENTATIONS = YES;
				CLANG_WARN_DIRECT_OBJC_ISA_USAGE = YES_ERROR;
				CLANG_WARN_DOCUMENTATION_COMMENTS = YES;
				CLANG_WARN_EMPTY_BODY = YES;
				CLANG_WARN_ENUM_CONVERSION = YES;
				CLANG_WARN_INFINITE_RECURSION = YES;
				CLANG_WARN_INT_CONVERSION = YES;
				CLANG_WARN_NON_LITERAL_NULL_CONVERSION = YES;
				CLANG_WARN_OBJC_IMPLICIT_RETAIN_SELF = YES;
				CLANG_WARN_OBJC_LITERAL_CONVERSION = YES;
				CLANG_WARN_OBJC_ROOT_CLASS = YES_ERROR;
				CLANG_WARN_QUOTED_INCLUDE_IN_FRAMEWORK_HEADER = YES;
				CLANG_WARN_RANGE_LOOP_ANALYSIS = YES;
				CLANG_WARN_STRICT_PROTOTYPES = YES;
				CLANG_WARN_SUSPICIOUS_MOVE = YES;
				CLANG_WARN_UNGUARDED_AVAILABILITY = YES_AGGRESSIVE;
				CLANG_WARN_UNREACHABLE_CODE = YES;
				CLANG_WARN__DUPLICATE_METHOD_MATCH = YES;
				CODE_SIGN_STYLE = Automatic;
				COPY_PHASE_STRIP = NO;
				CURRENT_PROJECT_VERSION = 1;
				DEBUG_INFORMATION_FORMAT = dwarf;
				DEVELOPMENT_TEAM = 8ULNGWJZ6B;
				ENABLE_STRICT_OBJC_MSGSEND = YES;
				ENABLE_TESTABILITY = YES;
				GCC_C_LANGUAGE_STANDARD = gnu11;
				GCC_DYNAMIC_NO_PIC = NO;
				GCC_NO_COMMON_BLOCKS = YES;
				GCC_OPTIMIZATION_LEVEL = 0;
				GCC_PREPROCESSOR_DEFINITIONS = (
					"$(inherited)",
					"DEBUG=1",
				);
				GCC_WARN_64_TO_32_BIT_CONVERSION = YES;
				GCC_WARN_ABOUT_RETURN_TYPE = YES_ERROR;
				GCC_WARN_UNDECLARED_SELECTOR = YES;
				GCC_WARN_UNINITIALIZED_AUTOS = YES_AGGRESSIVE;
				GCC_WARN_UNUSED_FUNCTION = YES;
				GCC_WARN_UNUSED_VARIABLE = YES;
				INFOPLIST_KEY_CFBundleDisplayName = ProvadorIA;
				INFOPLIST_KEY_NSCameraUsageDescription = "Permita acesso à câmera para tirar fotos do seu corpo e roupas.";
				INFOPLIST_KEY_NSPhotoLibraryUsageDescription = "Permita acesso às fotos para fazer try-on virtual com IA.";
				INFOPLIST_KEY_UIApplicationSceneManifest_Generation = YES;
				INFOPLIST_KEY_UILaunchScreen_Generation = YES;
				INFOPLIST_KEY_UIRequiredDeviceCapabilities = (
					arm64,
				);
				INFOPLIST_KEY_UISupportedInterfaceOrientations = (
					UIInterfaceOrientationPortrait,
				);
				IPHONEOS_DEPLOYMENT_TARGET = 18.0;
				MARKETING_VERSION = 1.0.0;
				MTL_ENABLE_DEBUG_INFO = INCLUDE_SOURCE;
				MTL_FAST_MATH = YES;
				ONLY_ACTIVE_ARCH = YES;
				PRODUCT_BUNDLE_IDENTIFIER = com.paulopierrondi.provadoria;
				PRODUCT_NAME = "$(TARGET_NAME)";
				SDKROOT = iphoneos;
				SWIFT_ACTIVE_COMPILATION_CONDITIONS = DEBUG;
				SWIFT_OPTIMIZATION_LEVEL = "-Onone";
				SWIFT_VERSION = 6.0;
				TARGETED_DEVICE_FAMILY = 1;
			};
			name = Debug;
		};
		44B08008A7FEA62FFCB74132 /* Release */ = {
			isa = XCBuildConfiguration;
			buildSettings = {
				ASSETCATALOG_COMPILER_APPICON_NAME = AppIcon;
				CODE_SIGN_IDENTITY = "iPhone Developer";
				INFOPLIST_FILE = ProvadorIA/Info.plist;
				LD_RUNPATH_SEARCH_PATHS = (
					"$(inherited)",
					"@executable_path/Frameworks",
				);
				SDKROOT = iphoneos;
				TARGETED_DEVICE_FAMILY = "1,2";
			};
			name = Release;
		};
		E9184896857AF2202E782793 /* Release */ = {
			isa = XCBuildConfiguration;
			buildSettings = {
				ALWAYS_SEARCH_USER_PATHS = NO;
				ASSETCATALOG_COMPILER_APPICON_NAME = AppIcon;
				CLANG_ANALYZER_NONNULL = YES;
				CLANG_ANALYZER_NUMBER_OBJECT_CONVERSION = YES_AGGRESSIVE;
				CLANG_CXX_LANGUAGE_STANDARD = "gnu++14";
				CLANG_CXX_LIBRARY = "libc++";
				CLANG_ENABLE_MODULES = YES;
				CLANG_ENABLE_OBJC_ARC = YES;
				CLANG_ENABLE_OBJC_WEAK = YES;
				CLANG_WARN_BLOCK_CAPTURE_AUTORELEASING = YES;
				CLANG_WARN_BOOL_CONVERSION = YES;
				CLANG_WARN_COMMA = YES;
				CLANG_WARN_CONSTANT_CONVERSION = YES;
				CLANG_WARN_DEPRECATED_OBJC_IMPLEMENTATIONS = YES;
				CLANG_WARN_DIRECT_OBJC_ISA_USAGE = YES_ERROR;
				CLANG_WARN_DOCUMENTATION_COMMENTS = YES;
				CLANG_WARN_EMPTY_BODY = YES;
				CLANG_WARN_ENUM_CONVERSION = YES;
				CLANG_WARN_INFINITE_RECURSION = YES;
				CLANG_WARN_INT_CONVERSION = YES;
				CLANG_WARN_NON_LITERAL_NULL_CONVERSION = YES;
				CLANG_WARN_OBJC_IMPLICIT_RETAIN_SELF = YES;
				CLANG_WARN_OBJC_LITERAL_CONVERSION = YES;
				CLANG_WARN_OBJC_ROOT_CLASS = YES_ERROR;
				CLANG_WARN_QUOTED_INCLUDE_IN_FRAMEWORK_HEADER = YES;
				CLANG_WARN_RANGE_LOOP_ANALYSIS = YES;
				CLANG_WARN_STRICT_PROTOTYPES = YES;
				CLANG_WARN_SUSPICIOUS_MOVE = YES;
				CLANG_WARN_UNGUARDED_AVAILABILITY = YES_AGGRESSIVE;
				CLANG_WARN_UNREACHABLE_CODE = YES;
				CLANG_WARN__DUPLICATE_METHOD_MATCH = YES;
				CODE_SIGN_STYLE = Automatic;
				COPY_PHASE_STRIP = NO;
				CURRENT_PROJECT_VERSION = 1;
				DEBUG_INFORMATION_FORMAT = "dwarf-with-dsym";
				DEVELOPMENT_TEAM = 8ULNGWJZ6B;
				ENABLE_NS_ASSERTIONS = NO;
				ENABLE_STRICT_OBJC_MSGSEND = YES;
				GCC_C_LANGUAGE_STANDARD = gnu11;
				GCC_NO_COMMON_BLOCKS = YES;
				GCC_WARN_64_TO_32_BIT_CONVERSION = YES;
				GCC_WARN_ABOUT_RETURN_TYPE = YES_ERROR;
				GCC_WARN_UNDECLARED_SELECTOR = YES;
				GCC_WARN_UNINITIALIZED_AUTOS = YES_AGGRESSIVE;
				GCC_WARN_UNUSED_FUNCTION = YES;
				GCC_WARN_UNUSED_VARIABLE = YES;
				INFOPLIST_KEY_CFBundleDisplayName = ProvadorIA;
				INFOPLIST_KEY_NSCameraUsageDescription = "Permita acesso à câmera para tirar fotos do seu corpo e roupas.";
				INFOPLIST_KEY_NSPhotoLibraryUsageDescription = "Permita acesso às fotos para fazer try-on virtual com IA.";
				INFOPLIST_KEY_UIApplicationSceneManifest_Generation = YES;
				INFOPLIST_KEY_UILaunchScreen_Generation = YES;
				INFOPLIST_KEY_UIRequiredDeviceCapabilities = (
					arm64,
				);
				INFOPLIST_KEY_UISupportedInterfaceOrientations = (
					UIInterfaceOrientationPortrait,
				);
				IPHONEOS_DEPLOYMENT_TARGET = 18.0;
				MARKETING_VERSION = 1.0.0;
				MTL_ENABLE_DEBUG_INFO = NO;
				MTL_FAST_MATH = YES;
				PRODUCT_BUNDLE_IDENTIFIER = com.paulopierrondi.provadoria;
				PRODUCT_NAME = "$(TARGET_NAME)";
				SDKROOT = iphoneos;
				SWIFT_COMPILATION_MODE = wholemodule;
				SWIFT_OPTIMIZATION_LEVEL = "-O";
				SWIFT_VERSION = 6.0;
				TARGETED_DEVICE_FAMILY = 1;
			};
			name = Release;
		};
		FB14569DA684C3EDDFE86F9B /* Debug */ = {
			isa = XCBuildConfiguration;
			buildSettings = {
				ASSETCATALOG_COMPILER_APPICON_NAME = AppIcon;
				CODE_SIGN_IDENTITY = "iPhone Developer";
				INFOPLIST_FILE = ProvadorIA/Info.plist;
				LD_RUNPATH_SEARCH_PATHS = (
					"$(inherited)",
					"@executable_path/Frameworks",
				);
				SDKROOT = iphoneos;
				TARGETED_DEVICE_FAMILY = "1,2";
			};
			name = Debug;
		};
/* End XCBuildConfiguration section */

/* Begin XCConfigurationList section */
		6F6B8BF224241FC18BCCF8FF /* Build configuration list for PBXNativeTarget "ProvadorIA" */ = {
			isa = XCConfigurationList;
			buildConfigurations = (
				FB14569DA684C3EDDFE86F9B /* Debug */,
				44B08008A7FEA62FFCB74132 /* Release */,
			);
			defaultConfigurationIsVisible = 0;
			defaultConfigurationName = Debug;
		};
		FB60D56079B5A16B4DA4C88C /* Build configuration list for PBXProject "ProvadorIA" */ = {
			isa = XCConfigurationList;
			buildConfigurations = (
				0B7ECD1E79509EBF293A3A78 /* Debug */,
				E9184896857AF2202E782793 /* Release */,
			);
			defaultConfigurationIsVisible = 0;
			defaultConfigurationName = Debug;
		};
/* End XCConfigurationList section */
	};
	rootObject = 442B2BD8EA3F84BB72DDC13E /* Project object */;
}
